
Microsoft Visual Studio Solution File, Format Version 11.00
# Visual Studio 2010
Project("{FAE04EC0-301F-11D3-BF4B-00C04F79EFBC}") = "Assembly-CSharp-Editor", "Assembly-CSharp-Editor.csproj", "{623af2ae-7448-359d-2e66-a691f495fd69}"
EndProject
Global
	GlobalSection(SolutionConfigurationPlatforms) = preSolution
		Debug|Any CPU = Debug|Any CPU
		Release|Any CPU = Release|Any CPU
	EndGlobalSection
	GlobalSection(ProjectConfigurationPlatforms) = postSolution
		{623af2ae-7448-359d-2e66-a691f495fd69}.Debug|Any CPU.ActiveCfg = Debug|Any CPU
		{623af2ae-7448-359d-2e66-a691f495fd69}.Debug|Any CPU.Build.0 = Debug|Any CPU
		{623af2ae-7448-359d-2e66-a691f495fd69}.Release|Any CPU.ActiveCfg = Release|Any CPU
		{623af2ae-7448-359d-2e66-a691f495fd69}.Release|Any CPU.Build.0 = Release|Any CPU
	EndGlobalSection
	GlobalSection(SolutionProperties) = preSolution
		HideSolutionNode = FALSE
	EndGlobalSection
EndGlobal
